# llama-server sidecar pin: the single source of truth for building,
# publishing, fetching, verifying and bundling the sidecar binaries.
# See src-tauri/binaries/README.md for the bump procedure.
#
# Format: one `key value` pair per line; `sha256 <hex> <file>` lines are
# written by `scripts/fetch-llama-binaries.sh --update-lock` after the
# release is published, and are authoritative over the release's own
# SHA256SUMS.txt.

# Upstream llama.cpp tag compiled by .github/workflows/llama-build.yml.
llama_cpp_tag v0.6.0
# GitHub release holding the binaries. Bump the -rN suffix to rebuild the
# same llama.cpp tag; published releases are never overwritten.
release llama/v0.6.0-r1
# Repository that owns the release (public, so anonymous download works).
repo J-Reed700/lattice
# Oldest macOS the binary may require. Keep equal to
# bundle.macOS.minimumSystemVersion in tauri.conf.json.
macos_min 13.3
# Newest glibc symbol version the Linux binaries may require
# (ubuntu-22.04 build image).
glibc_max 2.35
sha256 d86ddf1d0af454309764d6104aac891be6cadbf5cf1bff9af4db369f56e90e75 llama-server-aarch64-apple-darwin
sha256 c70bc482b031efc6ff65e2b1e9d44591cc50b0b752a34af2ecb2b3b9c588497a llama-server-cpu-x86_64-pc-windows-msvc.exe
sha256 dd380a7209ca91481060703ac46a29372e16ad58ae20d64f7bd21178e7e7c44a llama-server-cpu-x86_64-unknown-linux-gnu
sha256 99c353ccff2f2e153a4f348cf5c5b5ee736173401e8d82508530848f2025549a llama-server-x86_64-apple-darwin
sha256 3b04c85cfb639e594c07a2c8b4d2b9bb21b6d10f37d2977947a26f9d08506dc4 llama-server-x86_64-pc-windows-msvc.exe
sha256 dab3f2208c2768698678abeceacb1bf58416edde5691a16a71166d185b56a648 llama-server-x86_64-unknown-linux-gnu
